// !$*UTF8*$!
{
	archiveVersion = 1;
	classes = {
	};
	objectVersion = 50;
	objects = {

/* Begin PBXBuildFile section */
		30C49C1FFC9B2E01D89DEB5C /* Pods_Todoey.framework in Frameworks */ = {isa = PBXBuildFile; fileRef = 08536FEBF4E805236CF5C5F3 /* Pods_Todoey.framework */; };
		C6C05E1920AF86E900CD9955 /* AppDelegate.swift in Sources */ = {isa = PBXBuildFile; fileRef = C6C05E1820AF86E900CD9955 /* AppDelegate.swift */; };
		C6C05E1B20AF86E900CD9955 /* TodoListViewController.swift in Sources */ = {isa = PBXBuildFile; fileRef = C6C05E1A20AF86E900CD9955 /* TodoListViewController.swift */; };
		C6C05E1E20AF86E900CD9955 /* Main.storyboard in Resources */ = {isa = PBXBuildFile; fileRef = C6C05E1C20AF86E900CD9955 /* Main.storyboard */; };
		C6C05E2020AF86EA00CD9955 /* Assets.xcassets in Resources */ = {isa = PBXBuildFile; fileRef = C6C05E1F20AF86EA00CD9955 /* Assets.xcassets */; };
		C6C05E2320AF86EA00CD9955 /* LaunchScreen.storyboard in Resources */ = {isa = PBXBuildFile; fileRef = C6C05E2120AF86EA00CD9955 /* LaunchScreen.storyboard */; };
		C6C05E3220B0BA2B00CD9955 /* DataModel.xcdatamodeld in Sources */ = {isa = PBXBuildFile; fileRef = C6C05E3020B0BA2B00CD9955 /* DataModel.xcdatamodeld */; };
		C6C05E5520B0D0B300CD9955 /* CategoryTableViewController.swift in Sources */ = {isa = PBXBuildFile; fileRef = C6C05E5420B0D0B300CD9955 /* CategoryTableViewController.swift */; };
/* End PBXBuildFile section */

/* Begin PBXFileReference section */
		01C5C35A299BFB69BA9135F6 /* Pods-Todoey.debug.xcconfig */ = {isa = PBXFileReference; includeInIndex = 1; lastKnownFileType = text.xcconfig; name = "Pods-Todoey.debug.xcconfig"; path = "Pods/Target Support Files/Pods-Todoey/Pods-Todoey.debug.xcconfig"; sourceTree = "<group>"; };
		08536FEBF4E805236CF5C5F3 /* Pods_Todoey.framework */ = {isa = PBXFileReference; explicitFileType = wrapper.framework; includeInIndex = 0; path = Pods_Todoey.framework; sourceTree = BUILT_PRODUCTS_DIR; };
		726BCC61D1D79AA0D6F25AEF /* Pods-Todoey.release.xcconfig */ = {isa = PBXFileReference; includeInIndex = 1; lastKnownFileType = text.xcconfig; name = "Pods-Todoey.release.xcconfig"; path = "Pods/Target Support Files/Pods-Todoey/Pods-Todoey.release.xcconfig"; sourceTree = "<group>"; };
		C6C05E1520AF86E900CD9955 /* Todoey.app */ = {isa = PBXFileReference; explicitFileType = wrapper.application; includeInIndex = 0; path = Todoey.app; sourceTree = BUILT_PRODUCTS_DIR; };
		C6C05E1820AF86E900CD9955 /* AppDelegate.swift */ = {isa = PBXFileReference; lastKnownFileType = sourcecode.swift; path = AppDelegate.swift; sourceTree = "<group>"; };
		C6C05E1A20AF86E900CD9955 /* TodoListViewController.swift */ = {isa = PBXFileReference; lastKnownFileType = sourcecode.swift; path = TodoListViewController.swift; sourceTree = "<group>"; };
		C6C05E1D20AF86E900CD9955 /* Base */ = {isa = PBXFileReference; lastKnownFileType = file.storyboard; name = Base; path = Base.lproj/Main.storyboard; sourceTree = "<group>"; };
		C6C05E1F20AF86EA00CD9955 /* Assets.xcassets */ = {isa = PBXFileReference; lastKnownFileType = folder.assetcatalog; path = Assets.xcassets; sourceTree = "<group>"; };
		C6C05E2220AF86EA00CD9955 /* Base */ = {isa = PBXFileReference; lastKnownFileType = file.storyboard; name = Base; path = Base.lproj/LaunchScreen.storyboard; sourceTree = "<group>"; };
		C6C05E2420AF86EA00CD9955 /* Info.plist */ = {isa = PBXFileReference; lastKnownFileType = text.plist.xml; path = Info.plist; sourceTree = "<group>"; };
		C6C05E3120B0BA2B00CD9955 /* Model.xcdatamodel */ = {isa = PBXFileReference; lastKnownFileType = wrapper.xcdatamodel; path = Model.xcdatamodel; sourceTree = "<group>"; };
		C6C05E5420B0D0B300CD9955 /* CategoryTableViewController.swift */ = {isa = PBXFileReference; lastKnownFileType = sourcecode.swift; path = CategoryTableViewController.swift; sourceTree = "<group>"; };
/* End PBXFileReference section */

/* Begin PBXFrameworksBuildPhase section */
		C6C05E1220AF86E900CD9955 /* Frameworks */ = {
			isa = PBXFrameworksBuildPhase;
			buildActionMask = 2147483647;
			files = (
				30C49C1FFC9B2E01D89DEB5C /* Pods_Todoey.framework in Frameworks */,
			);
			runOnlyForDeploymentPostprocessing = 0;
		};
/* End PBXFrameworksBuildPhase section */

/* Begin PBXGroup section */
		81DA897D524513BC3B516E7D /* Frameworks */ = {
			isa = PBXGroup;
			children = (
				08536FEBF4E805236CF5C5F3 /* Pods_Todoey.framework */,
			);
			name = Frameworks;
			sourceTree = "<group>";
		};
		9420C1DCE2EBF2CEA3D0019F /* Pods */ = {
			isa = PBXGroup;
			children = (
				01C5C35A299BFB69BA9135F6 /* Pods-Todoey.debug.xcconfig */,
				726BCC61D1D79AA0D6F25AEF /* Pods-Todoey.release.xcconfig */,
			);
			name = Pods;
			sourceTree = "<group>";
		};
		C6C05E0C20AF86E900CD9955 = {
			isa = PBXGroup;
			children = (
				C6C05E1720AF86E900CD9955 /* Todoey */,
				C6C05E1620AF86E900CD9955 /* Products */,
				9420C1DCE2EBF2CEA3D0019F /* Pods */,
				81DA897D524513BC3B516E7D /* Frameworks */,
			);
			sourceTree = "<group>";
		};
		C6C05E1620AF86E900CD9955 /* Products */ = {
			isa = PBXGroup;
			children = (
				C6C05E1520AF86E900CD9955 /* Todoey.app */,
			);
			name = Products;
			sourceTree = "<group>";
		};
		C6C05E1720AF86E900CD9955 /* Todoey */ = {
			isa = PBXGroup;
			children = (
				C6C05E1820AF86E900CD9955 /* AppDelegate.swift */,
				C6C05E2420AF86EA00CD9955 /* Info.plist */,
				C6C05E2F20AFAA3700CD9955 /* Controllers */,
				C6C05E2E20AFAA1200CD9955 /* Views */,
				C6C05E2D20AFA9CD00CD9955 /* Supporting Files */,
				C6C05E2A20AFA21600CD9955 /* Models */,
			);
			path = Todoey;
			sourceTree = "<group>";
		};
		C6C05E2A20AFA21600CD9955 /* Models */ = {
			isa = PBXGroup;
			children = (
				C6C05E3020B0BA2B00CD9955 /* DataModel.xcdatamodeld */,
			);
			path = Models;
			sourceTree = "<group>";
		};
		C6C05E2D20AFA9CD00CD9955 /* Supporting Files */ = {
			isa = PBXGroup;
			children = (
				C6C05E1F20AF86EA00CD9955 /* Assets.xcassets */,
			);
			path = "Supporting Files";
			sourceTree = "<group>";
		};
		C6C05E2E20AFAA1200CD9955 /* Views */ = {
			isa = PBXGroup;
			children = (
				C6C05E2120AF86EA00CD9955 /* LaunchScreen.storyboard */,
				C6C05E1C20AF86E900CD9955 /* Main.storyboard */,
			);
			path = Views;
			sourceTree = "<group>";
		};
		C6C05E2F20AFAA3700CD9955 /* Controllers */ = {
			isa = PBXGroup;
			children = (
				C6C05E5420B0D0B300CD9955 /* CategoryTableViewController.swift */,
				C6C05E1A20AF86E900CD9955 /* TodoListViewController.swift */,
			);
			path = Controllers;
			sourceTree = "<group>";
		};
/* End PBXGroup section */

/* Begin PBXNativeTarget section */
		C6C05E1420AF86E900CD9955 /* Todoey */ = {
			isa = PBXNativeTarget;
			buildConfigurationList = C6C05E2720AF86EA00CD9955 /* Build configuration list for PBXNativeTarget "Todoey" */;
			buildPhases = (
				C06A37EC611C14A3344B6E6B /* [CP] Check Pods Manifest.lock */,
				C6C05E1120AF86E900CD9955 /* Sources */,
				C6C05E1220AF86E900CD9955 /* Frameworks */,
				C6C05E1320AF86E900CD9955 /* Resources */,
				08384C78A842C07726489CC0 /* [CP] Embed Pods Frameworks */,
			);
			buildRules = (
			);
			dependencies = (
			);
			name = Todoey;
			productName = Todoey;
			productReference = C6C05E1520AF86E900CD9955 /* Todoey.app */;
			productType = "com.apple.product-type.application";
		};
/* End PBXNativeTarget section */

/* Begin PBXProject section */
		C6C05E0D20AF86E900CD9955 /* Project object */ = {
			isa = PBXProject;
			attributes = {
				LastSwiftUpdateCheck = 0930;
				LastUpgradeCheck = 0930;
				ORGANIZATIONNAME = "Xavier Davis";
				TargetAttributes = {
					C6C05E1420AF86E900CD9955 = {
						CreatedOnToolsVersion = 9.3.1;
					};
				};
			};
			buildConfigurationList = C6C05E1020AF86E900CD9955 /* Build configuration list for PBXProject "Todoey" */;
			compatibilityVersion = "Xcode 9.3";
			developmentRegion = en;
			hasScannedForEncodings = 0;
			knownRegions = (
				en,
				Base,
			);
			mainGroup = C6C05E0C20AF86E900CD9955;
			productRefGroup = C6C05E1620AF86E900CD9955 /* Products */;
			projectDirPath = "";
			projectRoot = "";
			targets = (
				C6C05E1420AF86E900CD9955 /* Todoey */,
			);
		};
/* End PBXProject section */

/* Begin PBXResourcesBuildPhase section */
		C6C05E1320AF86E900CD9955 /* Resources */ = {
			isa = PBXResourcesBuildPhase;
			buildActionMask = 2147483647;
			files = (
				C6C05E2320AF86EA00CD9955 /* LaunchScreen.storyboard in Resources */,
				C6C05E2020AF86EA00CD9955 /* Assets.xcassets in Resources */,
				C6C05E1E20AF86E900CD9955 /* Main.storyboard in Resources */,
			);
			runOnlyForDeploymentPostprocessing = 0;
		};
/* End PBXResourcesBuildPhase section */

/* Begin PBXShellScriptBuildPhase section */
		08384C78A842C07726489CC0 /* [CP] Embed Pods Frameworks */ = {
			isa = PBXShellScriptBuildPhase;
			buildActionMask = 2147483647;
			files = (
			);
			inputPaths = (
				"${SRCROOT}/Pods/Target Support Files/Pods-Todoey/Pods-Todoey-frameworks.sh",
				"${BUILT_PRODUCTS_DIR}/Realm/Realm.framework",
				"${BUILT_PRODUCTS_DIR}/RealmSwift/RealmSwift.framework",
			);
			name = "[CP] Embed Pods Frameworks";
			outputPaths = (
				"${TARGET_BUILD_DIR}/${FRAMEWORKS_FOLDER_PATH}/Realm.framework",
				"${TARGET_BUILD_DIR}/${FRAMEWORKS_FOLDER_PATH}/RealmSwift.framework",
			);
			runOnlyForDeploymentPostprocessing = 0;
			shellPath = /bin/sh;
			shellScript = "\"${SRCROOT}/Pods/Target Support Files/Pods-Todoey/Pods-Todoey-frameworks.sh\"\n";
			showEnvVarsInLog = 0;
		};
		C06A37EC611C14A3344B6E6B /* [CP] Check Pods Manifest.lock */ = {
			isa = PBXShellScriptBuildPhase;
			buildActionMask = 2147483647;
			files = (
			);
			inputPaths = (
				"${PODS_PODFILE_DIR_PATH}/Podfile.lock",
				"${PODS_ROOT}/Manifest.lock",
			);
			name = "[CP] Check Pods Manifest.lock";
			outputPaths = (
				"$(DERIVED_FILE_DIR)/Pods-Todoey-checkManifestLockResult.txt",
			);
			runOnlyForDeploymentPostprocessing = 0;
			shellPath = /bin/sh;
			shellScript = "diff \"${PODS_PODFILE_DIR_PATH}/Podfile.lock\" \"${PODS_ROOT}/Manifest.lock\" > /dev/null\nif [ $? != 0 ] ; then\n    # print error to STDERR\n    echo \"error: The sandbox is not in sync with the Podfile.lock. Run 'pod install' or update your CocoaPods installation.\" >&2\n    exit 1\nfi\n# This output is used by Xcode 'outputs' to avoid re-running this script phase.\necho \"SUCCESS\" > \"${SCRIPT_OUTPUT_FILE_0}\"\n";
			showEnvVarsInLog = 0;
		};
/* End PBXShellScriptBuildPhase section */

/* Begin PBXSourcesBuildPhase section */
		C6C05E1120AF86E900CD9955 /* Sources */ = {
			isa = PBXSourcesBuildPhase;
			buildActionMask = 2147483647;
			files = (
				C6C05E1B20AF86E900CD9955 /* TodoListViewController.swift in Sources */,
				C6C05E1920AF86E900CD9955 /* AppDelegate.swift in Sources */,
				C6C05E3220B0BA2B00CD9955 /* DataModel.xcdatamodeld in Sources */,
				C6C05E5520B0D0B300CD9955 /* CategoryTableViewController.swift in Sources */,
			);
			runOnlyForDeploymentPostprocessing = 0;
		};
/* End PBXSourcesBuildPhase section */

/* Begin PBXVariantGroup section */
		C6C05E1C20AF86E900CD9955 /* Main.storyboard */ = {
			isa = PBXVariantGroup;
			children = (
				C6C05E1D20AF86E900CD9955 /* Base */,
			);
			name = Main.storyboard;
			sourceTree = "<group>";
		};
		C6C05E2120AF86EA00CD9955 /* LaunchScreen.storyboard */ = {
			isa = PBXVariantGroup;
			children = (
				C6C05E2220AF86EA00CD9955 /* Base */,
			);
			name = LaunchScreen.storyboard;
			sourceTree = "<group>";
		};
/* End PBXVariantGroup section */

/* Begin XCBuildConfiguration section */
		C6C05E2520AF86EA00CD9955 /* Debug */ = {
			isa = XCBuildConfiguration;
			buildSettings = {
				ALWAYS_SEARCH_USER_PATHS = NO;
				CLANG_ANALYZER_NONNULL = YES;
				CLANG_ANALYZER_NUMBER_OBJECT_CONVERSION = YES_AGGRESSIVE;
				CLANG_CXX_LANGUAGE_STANDARD = "gnu++14";
				CLANG_CXX_LIBRARY = "libc++";
				CLANG_ENABLE_MODULES = YES;
				CLANG_ENABLE_OBJC_ARC = YES;
				CLANG_ENABLE_OBJC_WEAK = YES;
				CLANG_WARN_BLOCK_CAPTURE_AUTORELEASING = YES;
				CLANG_WARN_BOOL_CONVERSION = YES;
				CLANG_WARN_COMMA = YES;
				CLANG_WARN_CONSTANT_CONVERSION = YES;
				CLANG_WARN_DEPRECATED_OBJC_IMPLEMENTATIONS = YES;
				CLANG_WARN_DIRECT_OBJC_ISA_USAGE = YES_ERROR;
				CLANG_WARN_DOCUMENTATION_COMMENTS = YES;
				CLANG_WARN_EMPTY_BODY = YES;
				CLANG_WARN_ENUM_CONVERSION = YES;
				CLANG_WARN_INFINITE_RECURSION = YES;
				CLANG_WARN_INT_CONVERSION = YES;
				CLANG_WARN_NON_LITERAL_NULL_CONVERSION = YES;
				CLANG_WARN_OBJC_IMPLICIT_RETAIN_SELF = YES;
				CLANG_WARN_OBJC_LITERAL_CONVERSION = YES;
				CLANG_WARN_OBJC_ROOT_CLASS = YES_ERROR;
				CLANG_WARN_RANGE_LOOP_ANALYSIS = YES;
				CLANG_WARN_STRICT_PROTOTYPES = YES;
				CLANG_WARN_SUSPICIOUS_MOVE = YES;
				CLANG_WARN_UNGUARDED_AVAILABILITY = YES_AGGRESSIVE;
				CLANG_WARN_UNREACHABLE_CODE = YES;
				CLANG_WARN__DUPLICATE_METHOD_MATCH = YES;
				CODE_SIGN_IDENTITY = "iPhone Developer";
				COPY_PHASE_STRIP = NO;
				DEBUG_INFORMATION_FORMAT = dwarf;
				ENABLE_STRICT_OBJC_MSGSEND = YES;
				ENABLE_TESTABILITY = YES;
				GCC_C_LANGUAGE_STANDARD = gnu11;
				GCC_DYNAMIC_NO_PIC = NO;
				GCC_NO_COMMON_BLOCKS = YES;
				GCC_OPTIMIZATION_LEVEL = 0;
				GCC_PREPROCESSOR_DEFINITIONS = (
					"DEBUG=1",
					"$(inherited)",
				);
				GCC_WARN_64_TO_32_BIT_CONVERSION = YES;
				GCC_WARN_ABOUT_RETURN_TYPE = YES_ERROR;
				GCC_WARN_UNDECLARED_SELECTOR = YES;
				GCC_WARN_UNINITIALIZED_AUTOS = YES_AGGRESSIVE;
				GCC_WARN_UNUSED_FUNCTION = YES;
				GCC_WARN_UNUSED_VARIABLE = YES;
				IPHONEOS_DEPLOYMENT_TARGET = 11.3;
				MTL_ENABLE_DEBUG_INFO = YES;
				ONLY_ACTIVE_ARCH = YES;
				SDKROOT = iphoneos;
				SWIFT_ACTIVE_COMPILATION_CONDITIONS = DEBUG;
				SWIFT_OPTIMIZATION_LEVEL = "-Onone";
			};
			name = Debug;
		};
		C6C05E2620AF86EA00CD9955 /* Release */ = {
			isa = XCBuildConfiguration;
			buildSettings = {
				ALWAYS_SEARCH_USER_PATHS = NO;
				CLANG_ANALYZER_NONNULL = YES;
				CLANG_ANALYZER_NUMBER_OBJECT_CONVERSION = YES_AGGRESSIVE;
				CLANG_CXX_LANGUAGE_STANDARD = "gnu++14";
				CLANG_CXX_LIBRARY = "libc++";
				CLANG_ENABLE_MODULES = YES;
				CLANG_ENABLE_OBJC_ARC = YES;
				CLANG_ENABLE_OBJC_WEAK = YES;
				CLANG_WARN_BLOCK_CAPTURE_AUTORELEASING = YES;
				CLANG_WARN_BOOL_CONVERSION = YES;
				CLANG_WARN_COMMA = YES;
				CLANG_WARN_CONSTANT_CONVERSION = YES;
				CLANG_WARN_DEPRECATED_OBJC_IMPLEMENTATIONS = YES;
				CLANG_WARN_DIRECT_OBJC_ISA_USAGE = YES_ERROR;
				CLANG_WARN_DOCUMENTATION_COMMENTS = YES;
				CLANG_WARN_EMPTY_BODY = YES;
				CLANG_WARN_ENUM_CONVERSION = YES;
				CLANG_WARN_INFINITE_RECURSION = YES;
				CLANG_WARN_INT_CONVERSION = YES;
				CLANG_WARN_NON_LITERAL_NULL_CONVERSION = YES;
				CLANG_WARN_OBJC_IMPLICIT_RETAIN_SELF = YES;
				CLANG_WARN_OBJC_LITERAL_CONVERSION = YES;
				CLANG_WARN_OBJC_ROOT_CLASS = YES_ERROR;
				CLANG_WARN_RANGE_LOOP_ANALYSIS = YES;
				CLANG_WARN_STRICT_PROTOTYPES = YES;
				CLANG_WARN_SUSPICIOUS_MOVE = YES;
				CLANG_WARN_UNGUARDED_AVAILABILITY = YES_AGGRESSIVE;
				CLANG_WARN_UNREACHABLE_CODE = YES;
				CLANG_WARN__DUPLICATE_METHOD_MATCH = YES;
				CODE_SIGN_IDENTITY = "iPhone Developer";
				COPY_PHASE_STRIP = NO;
				DEBUG_INFORMATION_FORMAT = "dwarf-with-dsym";
				ENABLE_NS_ASSERTIONS = NO;
				ENABLE_STRICT_OBJC_MSGSEND = YES;
				GCC_C_LANGUAGE_STANDARD = gnu11;
				GCC_NO_COMMON_BLOCKS = YES;
				GCC_WARN_64_TO_32_BIT_CONVERSION = YES;
				GCC_WARN_ABOUT_RETURN_TYPE = YES_ERROR;
				GCC_WARN_UNDECLARED_SELECTOR = YES;
				GCC_WARN_UNINITIALIZED_AUTOS = YES_AGGRESSIVE;
				GCC_WARN_UNUSED_FUNCTION = YES;
				GCC_WARN_UNUSED_VARIABLE = YES;
				IPHONEOS_DEPLOYMENT_TARGET = 11.3;
				MTL_ENABLE_DEBUG_INFO = NO;
				SDKROOT = iphoneos;
				SWIFT_COMPILATION_MODE = wholemodule;
				SWIFT_OPTIMIZATION_LEVEL = "-O";
				VALIDATE_PRODUCT = YES;
			};
			name = Release;
		};
		C6C05E2820AF86EA00CD9955 /* Debug */ = {
			isa = XCBuildConfiguration;
			baseConfigurationReference = 01C5C35A299BFB69BA9135F6 /* Pods-Todoey.debug.xcconfig */;
			buildSettings = {
				ASSETCATALOG_COMPILER_APPICON_NAME = AppIcon;
				CODE_SIGN_STYLE = Automatic;
				INFOPLIST_FILE = Todoey/Info.plist;
				LD_RUNPATH_SEARCH_PATHS = (
					"$(inherited)",
					"@executable_path/Frameworks",
				);
				PRODUCT_BUNDLE_IDENTIFIER = com.xyd93.Todoey;
				PRODUCT_NAME = "$(TARGET_NAME)";
				SWIFT_VERSION = 4.0;
				TARGETED_DEVICE_FAMILY = "1,2";
			};
			name = Debug;
		};
		C6C05E2920AF86EA00CD9955 /* Release */ = {
			isa = XCBuildConfiguration;
			baseConfigurationReference = 726BCC61D1D79AA0D6F25AEF /* Pods-Todoey.release.xcconfig */;
			buildSettings = {
				ASSETCATALOG_COMPILER_APPICON_NAME = AppIcon;
				CODE_SIGN_STYLE = Automatic;
				INFOPLIST_FILE = Todoey/Info.plist;
				LD_RUNPATH_SEARCH_PATHS = (
					"$(inherited)",
					"@executable_path/Frameworks",
				);
				PRODUCT_BUNDLE_IDENTIFIER = com.xyd93.Todoey;
				PRODUCT_NAME = "$(TARGET_NAME)";
				SWIFT_VERSION = 4.0;
				TARGETED_DEVICE_FAMILY = "1,2";
			};
			name = Release;
		};
/* End XCBuildConfiguration section */

/* Begin XCConfigurationList section */
		C6C05E1020AF86E900CD9955 /* Build configuration list for PBXProject "Todoey" */ = {
			isa = XCConfigurationList;
			buildConfigurations = (
				C6C05E2520AF86EA00CD9955 /* Debug */,
				C6C05E2620AF86EA00CD9955 /* Release */,
			);
			defaultConfigurationIsVisible = 0;
			defaultConfigurationName = Release;
		};
		C6C05E2720AF86EA00CD9955 /* Build configuration list for PBXNativeTarget "Todoey" */ = {
			isa = XCConfigurationList;
			buildConfigurations = (
				C6C05E2820AF86EA00CD9955 /* Debug */,
				C6C05E2920AF86EA00CD9955 /* Release */,
			);
			defaultConfigurationIsVisible = 0;
			defaultConfigurationName = Release;
		};
/* End XCConfigurationList section */

/* Begin XCVersionGroup section */
		C6C05E3020B0BA2B00CD9955 /* DataModel.xcdatamodeld */ = {
			isa = XCVersionGroup;
			children = (
				C6C05E3120B0BA2B00CD9955 /* Model.xcdatamodel */,
			);
			currentVersion = C6C05E3120B0BA2B00CD9955 /* Model.xcdatamodel */;
			path = DataModel.xcdatamodeld;
			sourceTree = "<group>";
			versionGroupType = wrapper.xcdatamodel;
		};
/* End XCVersionGroup section */
	};
	rootObject = C6C05E0D20AF86E900CD9955 /* Project object */;
}
